// !$*UTF8*$!
{
	archiveVersion = 1;
	classes = {
	};
	objectVersion = 48;
	objects = {

/* Begin PBXBuildFile section */
		994187CF1FD59FB600125A72 /* AppDelegate.swift in Sources */ = {isa = PBXBuildFile; fileRef = 994187CE1FD59FB600125A72 /* AppDelegate.swift */; };
		994187D11FD59FB600125A72 /* ViewController.swift in Sources */ = {isa = PBXBuildFile; fileRef = 994187D01FD59FB600125A72 /* ViewController.swift */; };
		994187D41FD59FB600125A72 /* Main.storyboard in Resources */ = {isa = PBXBuildFile; fileRef = 994187D21FD59FB600125A72 /* Main.storyboard */; };
		994187D61FD59FB600125A72 /* Assets.xcassets in Resources */ = {isa = PBXBuildFile; fileRef = 994187D51FD59FB600125A72 /* Assets.xcassets */; };
		994187D91FD59FB600125A72 /* LaunchScreen.storyboard in Resources */ = {isa = PBXBuildFile; fileRef = 994187D71FD59FB600125A72 /* LaunchScreen.storyboard */; };
		994187E41FD59FB600125A72 /* tadaTests.swift in Sources */ = {isa = PBXBuildFile; fileRef = 994187E31FD59FB600125A72 /* tadaTests.swift */; };
		994187EF1FD59FB600125A72 /* tadaUITests.swift in Sources */ = {isa = PBXBuildFile; fileRef = 994187EE1FD59FB600125A72 /* tadaUITests.swift */; };
/* End PBXBuildFile section */

/* Begin PBXContainerItemProxy section */
		994187E01FD59FB600125A72 /* PBXContainerItemProxy */ = {
			isa = PBXContainerItemProxy;
			containerPortal = 994187C31FD59FB600125A72 /* Project object */;
			proxyType = 1;
			remoteGlobalIDString = 994187CA1FD59FB600125A72;
			remoteInfo = tada;
		};
		994187EB1FD59FB600125A72 /* PBXContainerItemProxy */ = {
			isa = PBXContainerItemProxy;
			containerPortal = 994187C31FD59FB600125A72 /* Project object */;
			proxyType = 1;
			remoteGlobalIDString = 994187CA1FD59FB600125A72;
			remoteInfo = tada;
		};
/* End PBXContainerItemProxy section */

/* Begin PBXFileReference section */
		994187CB1FD59FB600125A72 /* tada.app */ = {isa = PBXFileReference; explicitFileType = wrapper.application; includeInIndex = 0; path = tada.app; sourceTree = BUILT_PRODUCTS_DIR; };
		994187CE1FD59FB600125A72 /* AppDelegate.swift */ = {isa = PBXFileReference; lastKnownFileType = sourcecode.swift; path = AppDelegate.swift; sourceTree = "<group>"; };
		994187D01FD59FB600125A72 /* ViewController.swift */ = {isa = PBXFileReference; lastKnownFileType = sourcecode.swift; path = ViewController.swift; sourceTree = "<group>"; };
		994187D31FD59FB600125A72 /* Base */ = {isa = PBXFileReference; lastKnownFileType = file.storyboard; name = Base; path = Base.lproj/Main.storyboard; sourceTree = "<group>"; };
		994187D51FD59FB600125A72 /* Assets.xcassets */ = {isa = PBXFileReference; lastKnownFileType = folder.assetcatalog; path = Assets.xcassets; sourceTree = "<group>"; };
		994187D81FD59FB600125A72 /* Base */ = {isa = PBXFileReference; lastKnownFileType = file.storyboard; name = Base; path = Base.lproj/LaunchScreen.storyboard; sourceTree = "<group>"; };
		994187DA1FD59FB600125A72 /* Info.plist */ = {isa = PBXFileReference; lastKnownFileType = text.plist.xml; path = Info.plist; sourceTree = "<group>"; };
		994187DF1FD59FB600125A72 /* tadaTests.xctest */ = {isa = PBXFileReference; explicitFileType = wrapper.cfbundle; includeInIndex = 0; path = tadaTests.xctest; sourceTree = BUILT_PRODUCTS_DIR; };
		994187E31FD59FB600125A72 /* tadaTests.swift */ = {isa = PBXFileReference; lastKnownFileType = sourcecode.swift; path = tadaTests.swift; sourceTree = "<group>"; };
		994187E51FD59FB600125A72 /* Info.plist */ = {isa = PBXFileReference; lastKnownFileType = text.plist.xml; path = Info.plist; sourceTree = "<group>"; };
		994187EA1FD59FB600125A72 /* tadaUITests.xctest */ = {isa = PBXFileReference; explicitFileType = wrapper.cfbundle; includeInIndex = 0; path = tadaUITests.xctest; sourceTree = BUILT_PRODUCTS_DIR; };
		994187EE1FD59FB600125A72 /* tadaUITests.swift */ = {isa = PBXFileReference; lastKnownFileType = sourcecode.swift; path = tadaUITests.swift; sourceTree = "<group>"; };
		994187F01FD59FB600125A72 /* Info.plist */ = {isa = PBXFileReference; lastKnownFileType = text.plist.xml; path = Info.plist; sourceTree = "<group>"; };
/* End PBXFileReference section */

/* Begin PBXFrameworksBuildPhase section */
		994187C81FD59FB600125A72 /* Frameworks */ = {
			isa = PBXFrameworksBuildPhase;
			buildActionMask = 2147483647;
			files = (
			);
			runOnlyForDeploymentPostprocessing = 0;
		};
		994187DC1FD59FB600125A72 /* Frameworks */ = {
			isa = PBXFrameworksBuildPhase;
			buildActionMask = 2147483647;
			files = (
			);
			runOnlyForDeploymentPostprocessing = 0;
		};
		994187E71FD59FB600125A72 /* Frameworks */ = {
			isa = PBXFrameworksBuildPhase;
			buildActionMask = 2147483647;
			files = (
			);
			runOnlyForDeploymentPostprocessing = 0;
		};
/* End PBXFrameworksBuildPhase section */

/* Begin PBXGroup section */
		994187C21FD59FB600125A72 = {
			isa = PBXGroup;
			children = (
				994187CD1FD59FB600125A72 /* tada */,
				994187E21FD59FB600125A72 /* tadaTests */,
				994187ED1FD59FB600125A72 /* tadaUITests */,
				994187CC1FD59FB600125A72 /* Products */,
			);
			sourceTree = "<group>";
		};
		994187CC1FD59FB600125A72 /* Products */ = {
			isa = PBXGroup;
			children = (
				994187CB1FD59FB600125A72 /* tada.app */,
				994187DF1FD59FB600125A72 /* tadaTests.xctest */,
				994187EA1FD59FB600125A72 /* tadaUITests.xctest */,
			);
			name = Products;
			sourceTree = "<group>";
		};
		994187CD1FD59FB600125A72 /* tada */ = {
			isa = PBXGroup;
			children = (
				994187CE1FD59FB600125A72 /* AppDelegate.swift */,
				994187D01FD59FB600125A72 /* ViewController.swift */,
				994187D21FD59FB600125A72 /* Main.storyboard */,
				994187D51FD59FB600125A72 /* Assets.xcassets */,
				994187D71FD59FB600125A72 /* LaunchScreen.storyboard */,
				994187DA1FD59FB600125A72 /* Info.plist */,
			);
			path = tada;
			sourceTree = "<group>";
		};
		994187E21FD59FB600125A72 /* tadaTests */ = {
			isa = PBXGroup;
			children = (
				994187E31FD59FB600125A72 /* tadaTests.swift */,
				994187E51FD59FB600125A72 /* Info.plist */,
			);
			path = tadaTests;
			sourceTree = "<group>";
		};
		994187ED1FD59FB600125A72 /* tadaUITests */ = {
			isa = PBXGroup;
			children = (
				994187EE1FD59FB600125A72 /* tadaUITests.swift */,
				994187F01FD59FB600125A72 /* Info.plist */,
			);
			path = tadaUITests;
			sourceTree = "<group>";
		};
/* End PBXGroup section */

/* Begin PBXNativeTarget section */
		994187CA1FD59FB600125A72 /* tada */ = {
			isa = PBXNativeTarget;
			buildConfigurationList = 994187F31FD59FB600125A72 /* Build configuration list for PBXNativeTarget "tada" */;
			buildPhases = (
				994187C71FD59FB600125A72 /* Sources */,
				994187C81FD59FB600125A72 /* Frameworks */,
				994187C91FD59FB600125A72 /* Resources */,
			);
			buildRules = (
			);
			dependencies = (
			);
			name = tada;
			productName = tada;
			productReference = 994187CB1FD59FB600125A72 /* tada.app */;
			productType = "com.apple.product-type.application";
		};
		994187DE1FD59FB600125A72 /* tadaTests */ = {
			isa = PBXNativeTarget;
			buildConfigurationList = 994187F61FD59FB600125A72 /* Build configuration list for PBXNativeTarget "tadaTests" */;
			buildPhases = (
				994187DB1FD59FB600125A72 /* Sources */,
				994187DC1FD59FB600125A72 /* Frameworks */,
				994187DD1FD59FB600125A72 /* Resources */,
			);
			buildRules = (
			);
			dependencies = (
				994187E11FD59FB600125A72 /* PBXTargetDependency */,
			);
			name = tadaTests;
			productName = tadaTests;
			productReference = 994187DF1FD59FB600125A72 /* tadaTests.xctest */;
			productType = "com.apple.product-type.bundle.unit-test";
		};
		994187E91FD59FB600125A72 /* tadaUITests */ = {
			isa = PBXNativeTarget;
			buildConfigurationList = 994187F91FD59FB600125A72 /* Build configuration list for PBXNativeTarget "tadaUITests" */;
			buildPhases = (
				994187E61FD59FB600125A72 /* Sources */,
				994187E71FD59FB600125A72 /* Frameworks */,
				994187E81FD59FB600125A72 /* Resources */,
			);
			buildRules = (
			);
			dependencies = (
				994187EC1FD59FB600125A72 /* PBXTargetDependency */,
			);
			name = tadaUITests;
			productName = tadaUITests;
			productReference = 994187EA1FD59FB600125A72 /* tadaUITests.xctest */;
			productType = "com.apple.product-type.bundle.ui-testing";
		};
/* End PBXNativeTarget section */

/* Begin PBXProject section */
		994187C31FD59FB600125A72 /* Project object */ = {
			isa = PBXProject;
			attributes = {
				LastSwiftUpdateCheck = 0910;
				LastUpgradeCheck = 0910;
				ORGANIZATIONNAME = "George Tada";
				TargetAttributes = {
					994187CA1FD59FB600125A72 = {
						CreatedOnToolsVersion = 9.1;
						ProvisioningStyle = Automatic;
					};
					994187DE1FD59FB600125A72 = {
						CreatedOnToolsVersion = 9.1;
						ProvisioningStyle = Automatic;
						TestTargetID = 994187CA1FD59FB600125A72;
					};
					994187E91FD59FB600125A72 = {
						CreatedOnToolsVersion = 9.1;
						ProvisioningStyle = Automatic;
						TestTargetID = 994187CA1FD59FB600125A72;
					};
				};
			};
			buildConfigurationList = 994187C61FD59FB600125A72 /* Build configuration list for PBXProject "tada" */;
			compatibilityVersion = "Xcode 8.0";
			developmentRegion = en;
			hasScannedForEncodings = 0;
			knownRegions = (
				en,
				Base,
			);
			mainGroup = 994187C21FD59FB600125A72;
			productRefGroup = 994187CC1FD59FB600125A72 /* Products */;
			projectDirPath = "";
			projectRoot = "";
			targets = (
				994187CA1FD59FB600125A72 /* tada */,
				994187DE1FD59FB600125A72 /* tadaTests */,
				994187E91FD59FB600125A72 /* tadaUITests */,
			);
		};
/* End PBXProject section */

/* Begin PBXResourcesBuildPhase section */
		994187C91FD59FB600125A72 /* Resources */ = {
			isa = PBXResourcesBuildPhase;
			buildActionMask = 2147483647;
			files = (
				994187D91FD59FB600125A72 /* LaunchScreen.storyboard in Resources */,
				994187D61FD59FB600125A72 /* Assets.xcassets in Resources */,
				994187D41FD59FB600125A72 /* Main.storyboard in Resources */,
			);
			runOnlyForDeploymentPostprocessing = 0;
		};
		994187DD1FD59FB600125A72 /* Resources */ = {
			isa = PBXResourcesBuildPhase;
			buildActionMask = 2147483647;
			files = (
			);
			runOnlyForDeploymentPostprocessing = 0;
		};
		994187E81FD59FB600125A72 /* Resources */ = {
			isa = PBXResourcesBuildPhase;
			buildActionMask = 2147483647;
			files = (
			);
			runOnlyForDeploymentPostprocessing = 0;
		};
/* End PBXResourcesBuildPhase section */

/* Begin PBXSourcesBuildPhase section */
		994187C71FD59FB600125A72 /* Sources */ = {
			isa = PBXSourcesBuildPhase;
			buildActionMask = 2147483647;
			files = (
				994187D11FD59FB600125A72 /* ViewController.swift in Sources */,
				994187CF1FD59FB600125A72 /* AppDelegate.swift in Sources */,
			);
			runOnlyForDeploymentPostprocessing = 0;
		};
		994187DB1FD59FB600125A72 /* Sources */ = {
			isa = PBXSourcesBuildPhase;
			buildActionMask = 2147483647;
			files = (
				994187E41FD59FB600125A72 /* tadaTests.swift in Sources */,
			);
			runOnlyForDeploymentPostprocessing = 0;
		};
		994187E61FD59FB600125A72 /* Sources */ = {
			isa = PBXSourcesBuildPhase;
			buildActionMask = 2147483647;
			files = (
				994187EF1FD59FB600125A72 /* tadaUITests.swift in Sources */,
			);
			runOnlyForDeploymentPostprocessing = 0;
		};
/* End PBXSourcesBuildPhase section */

/* Begin PBXTargetDependency section */
		994187E11FD59FB600125A72 /* PBXTargetDependency */ = {
			isa = PBXTargetDependency;
			target = 994187CA1FD59FB600125A72 /* tada */;
			targetProxy = 994187E01FD59FB600125A72 /* PBXContainerItemProxy */;
		};
		994187EC1FD59FB600125A72 /* PBXTargetDependency */ = {
			isa = PBXTargetDependency;
			target = 994187CA1FD59FB600125A72 /* tada */;
			targetProxy = 994187EB1FD59FB600125A72 /* PBXContainerItemProxy */;
		};
/* End PBXTargetDependency section */

/* Begin PBXVariantGroup section */
		994187D21FD59FB600125A72 /* Main.storyboard */ = {
			isa = PBXVariantGroup;
			children = (
				994187D31FD59FB600125A72 /* Base */,
			);
			name = Main.storyboard;
			sourceTree = "<group>";
		};
		994187D71FD59FB600125A72 /* LaunchScreen.storyboard */ = {
			isa = PBXVariantGroup;
			children = (
				994187D81FD59FB600125A72 /* Base */,
			);
			name = LaunchScreen.storyboard;
			sourceTree = "<group>";
		};
/* End PBXVariantGroup section */

/* Begin XCBuildConfiguration section */
		994187F11FD59FB600125A72 /* Debug */ = {
			isa = XCBuildConfiguration;
			buildSettings = {
				ALWAYS_SEARCH_USER_PATHS = NO;
				CLANG_ANALYZER_NONNULL = YES;
				CLANG_ANALYZER_NUMBER_OBJECT_CONVERSION = YES_AGGRESSIVE;
				CLANG_CXX_LANGUAGE_STANDARD = "gnu++14";
				CLANG_CXX_LIBRARY = "libc++";
				CLANG_ENABLE_MODULES = YES;
				CLANG_ENABLE_OBJC_ARC = YES;
				CLANG_WARN_BLOCK_CAPTURE_AUTORELEASING = YES;
				CLANG_WARN_BOOL_CONVERSION = YES;
				CLANG_WARN_COMMA = YES;
				CLANG_WARN_CONSTANT_CONVERSION = YES;
				CLANG_WARN_DIRECT_OBJC_ISA_USAGE = YES_ERROR;
				CLANG_WARN_DOCUMENTATION_COMMENTS = YES;
				CLANG_WARN_EMPTY_BODY = YES;
				CLANG_WARN_ENUM_CONVERSION = YES;
				CLANG_WARN_INFINITE_RECURSION = YES;
				CLANG_WARN_INT_CONVERSION = YES;
				CLANG_WARN_NON_LITERAL_NULL_CONVERSION = YES;
				CLANG_WARN_OBJC_LITERAL_CONVERSION = YES;
				CLANG_WARN_OBJC_ROOT_CLASS = YES_ERROR;
				CLANG_WARN_RANGE_LOOP_ANALYSIS = YES;
				CLANG_WARN_STRICT_PROTOTYPES = YES;
				CLANG_WARN_SUSPICIOUS_MOVE = YES;
				CLANG_WARN_UNGUARDED_AVAILABILITY = YES_AGGRESSIVE;
				CLANG_WARN_UNREACHABLE_CODE = YES;
				CLANG_WARN__DUPLICATE_METHOD_MATCH = YES;
				CODE_SIGN_IDENTITY = "iPhone Developer";
				COPY_PHASE_STRIP = NO;
				DEBUG_INFORMATION_FORMAT = dwarf;
				ENABLE_STRICT_OBJC_MSGSEND = YES;
				ENABLE_TESTABILITY = YES;
				GCC_C_LANGUAGE_STANDARD = gnu11;
				GCC_DYNAMIC_NO_PIC = NO;
				GCC_NO_COMMON_BLOCKS = YES;
				GCC_OPTIMIZATION_LEVEL = 0;
				GCC_PREPROCESSOR_DEFINITIONS = (
					"DEBUG=1",
					"$(inherited)",
				);
				GCC_WARN_64_TO_32_BIT_CONVERSION = YES;
				GCC_WARN_ABOUT_RETURN_TYPE = YES_ERROR;
				GCC_WARN_UNDECLARED_SELECTOR = YES;
				GCC_WARN_UNINITIALIZED_AUTOS = YES_AGGRESSIVE;
				GCC_WARN_UNUSED_FUNCTION = YES;
				GCC_WARN_UNUSED_VARIABLE = YES;
				IPHONEOS_DEPLOYMENT_TARGET = 11.1;
				MTL_ENABLE_DEBUG_INFO = YES;
				ONLY_ACTIVE_ARCH = YES;
				SDKROOT = iphoneos;
				SWIFT_ACTIVE_COMPILATION_CONDITIONS = DEBUG;
				SWIFT_OPTIMIZATION_LEVEL = "-Onone";
			};
			name = Debug;
		};
		994187F21FD59FB600125A72 /* Release */ = {
			isa = XCBuildConfiguration;
			buildSettings = {
				ALWAYS_SEARCH_USER_PATHS = NO;
				CLANG_ANALYZER_NONNULL = YES;
				CLANG_ANALYZER_NUMBER_OBJECT_CONVERSION = YES_AGGRESSIVE;
				CLANG_CXX_LANGUAGE_STANDARD = "gnu++14";
				CLANG_CXX_LIBRARY = "libc++";
				CLANG_ENABLE_MODULES = YES;
				CLANG_ENABLE_OBJC_ARC = YES;
				CLANG_WARN_BLOCK_CAPTURE_AUTORELEASING = YES;
				CLANG_WARN_BOOL_CONVERSION = YES;
				CLANG_WARN_COMMA = YES;
				CLANG_WARN_CONSTANT_CONVERSION = YES;
				CLANG_WARN_DIRECT_OBJC_ISA_USAGE = YES_ERROR;
				CLANG_WARN_DOCUMENTATION_COMMENTS = YES;
				CLANG_WARN_EMPTY_BODY = YES;
				CLANG_WARN_ENUM_CONVERSION = YES;
				CLANG_WARN_INFINITE_RECURSION = YES;
				CLANG_WARN_INT_CONVERSION = YES;
				CLANG_WARN_NON_LITERAL_NULL_CONVERSION = YES;
				CLANG_WARN_OBJC_LITERAL_CONVERSION = YES;
				CLANG_WARN_OBJC_ROOT_CLASS = YES_ERROR;
				CLANG_WARN_RANGE_LOOP_ANALYSIS = YES;
				CLANG_WARN_STRICT_PROTOTYPES = YES;
				CLANG_WARN_SUSPICIOUS_MOVE = YES;
				CLANG_WARN_UNGUARDED_AVAILABILITY = YES_AGGRESSIVE;
				CLANG_WARN_UNREACHABLE_CODE = YES;
				CLANG_WARN__DUPLICATE_METHOD_MATCH = YES;
				CODE_SIGN_IDENTITY = "iPhone Developer";
				COPY_PHASE_STRIP = NO;
				DEBUG_INFORMATION_FORMAT = "dwarf-with-dsym";
				ENABLE_NS_ASSERTIONS = NO;
				ENABLE_STRICT_OBJC_MSGSEND = YES;
				GCC_C_LANGUAGE_STANDARD = gnu11;
				GCC_NO_COMMON_BLOCKS = YES;
				GCC_WARN_64_TO_32_BIT_CONVERSION = YES;
				GCC_WARN_ABOUT_RETURN_TYPE = YES_ERROR;
				GCC_WARN_UNDECLARED_SELECTOR = YES;
				GCC_WARN_UNINITIALIZED_AUTOS = YES_AGGRESSIVE;
				GCC_WARN_UNUSED_FUNCTION = YES;
				GCC_WARN_UNUSED_VARIABLE = YES;
				IPHONEOS_DEPLOYMENT_TARGET = 11.1;
				MTL_ENABLE_DEBUG_INFO = NO;
				SDKROOT = iphoneos;
				SWIFT_OPTIMIZATION_LEVEL = "-Owholemodule";
				VALIDATE_PRODUCT = YES;
			};
			name = Release;
		};
		994187F41FD59FB600125A72 /* Debug */ = {
			isa = XCBuildConfiguration;
			buildSettings = {
				ASSETCATALOG_COMPILER_APPICON_NAME = AppIcon;
				CODE_SIGN_STYLE = Automatic;
				DEVELOPMENT_TEAM = G7KJ86895B;
				INFOPLIST_FILE = tada/Info.plist;
				LD_RUNPATH_SEARCH_PATHS = "$(inherited) @executable_path/Frameworks";
				PRODUCT_BUNDLE_IDENTIFIER = br.com.tada.tada;
				PRODUCT_NAME = "$(TARGET_NAME)";
				SWIFT_VERSION = 4.0;
				TARGETED_DEVICE_FAMILY = "1,2";
			};
			name = Debug;
		};
		994187F51FD59FB600125A72 /* Release */ = {
			isa = XCBuildConfiguration;
			buildSettings = {
				ASSETCATALOG_COMPILER_APPICON_NAME = AppIcon;
				CODE_SIGN_STYLE = Automatic;
				DEVELOPMENT_TEAM = G7KJ86895B;
				INFOPLIST_FILE = tada/Info.plist;
				LD_RUNPATH_SEARCH_PATHS = "$(inherited) @executable_path/Frameworks";
				PRODUCT_BUNDLE_IDENTIFIER = br.com.tada.tada;
				PRODUCT_NAME = "$(TARGET_NAME)";
				SWIFT_VERSION = 4.0;
				TARGETED_DEVICE_FAMILY = "1,2";
			};
			name = Release;
		};
		994187F71FD59FB600125A72 /* Debug */ = {
			isa = XCBuildConfiguration;
			buildSettings = {
				ALWAYS_EMBED_SWIFT_STANDARD_LIBRARIES = YES;
				BUNDLE_LOADER = "$(TEST_HOST)";
				CODE_SIGN_STYLE = Automatic;
				DEVELOPMENT_TEAM = G7KJ86895B;
				INFOPLIST_FILE = tadaTests/Info.plist;
				LD_RUNPATH_SEARCH_PATHS = "$(inherited) @executable_path/Frameworks @loader_path/Frameworks";
				PRODUCT_BUNDLE_IDENTIFIER = br.com.tada.tadaTests;
				PRODUCT_NAME = "$(TARGET_NAME)";
				SWIFT_VERSION = 4.0;
				TARGETED_DEVICE_FAMILY = "1,2";
				TEST_HOST = "$(BUILT_PRODUCTS_DIR)/tada.app/tada";
			};
			name = Debug;
		};
		994187F81FD59FB600125A72 /* Release */ = {
			isa = XCBuildConfiguration;
			buildSettings = {
				ALWAYS_EMBED_SWIFT_STANDARD_LIBRARIES = YES;
				BUNDLE_LOADER = "$(TEST_HOST)";
				CODE_SIGN_STYLE = Automatic;
				DEVELOPMENT_TEAM = G7KJ86895B;
				INFOPLIST_FILE = tadaTests/Info.plist;
				LD_RUNPATH_SEARCH_PATHS = "$(inherited) @executable_path/Frameworks @loader_path/Frameworks";
				PRODUCT_BUNDLE_IDENTIFIER = br.com.tada.tadaTests;
				PRODUCT_NAME = "$(TARGET_NAME)";
				SWIFT_VERSION = 4.0;
				TARGETED_DEVICE_FAMILY = "1,2";
				TEST_HOST = "$(BUILT_PRODUCTS_DIR)/tada.app/tada";
			};
			name = Release;
		};
		994187FA1FD59FB600125A72 /* Debug */ = {
			isa = XCBuildConfiguration;
			buildSettings = {
				ALWAYS_EMBED_SWIFT_STANDARD_LIBRARIES = YES;
				CODE_SIGN_STYLE = Automatic;
				DEVELOPMENT_TEAM = G7KJ86895B;
				INFOPLIST_FILE = tadaUITests/Info.plist;
				LD_RUNPATH_SEARCH_PATHS = "$(inherited) @executable_path/Frameworks @loader_path/Frameworks";
				PRODUCT_BUNDLE_IDENTIFIER = br.com.tada.tadaUITests;
				PRODUCT_NAME = "$(TARGET_NAME)";
				SWIFT_VERSION = 4.0;
				TARGETED_DEVICE_FAMILY = "1,2";
				TEST_TARGET_NAME = tada;
			};
			name = Debug;
		};
		994187FB1FD59FB600125A72 /* Release */ = {
			isa = XCBuildConfiguration;
			buildSettings = {
				ALWAYS_EMBED_SWIFT_STANDARD_LIBRARIES = YES;
				CODE_SIGN_STYLE = Automatic;
				DEVELOPMENT_TEAM = G7KJ86895B;
				INFOPLIST_FILE = tadaUITests/Info.plist;
				LD_RUNPATH_SEARCH_PATHS = "$(inherited) @executable_path/Frameworks @loader_path/Frameworks";
				PRODUCT_BUNDLE_IDENTIFIER = br.com.tada.tadaUITests;
				PRODUCT_NAME = "$(TARGET_NAME)";
				SWIFT_VERSION = 4.0;
				TARGETED_DEVICE_FAMILY = "1,2";
				TEST_TARGET_NAME = tada;
			};
			name = Release;
		};
/* End XCBuildConfiguration section */

/* Begin XCConfigurationList section */
		994187C61FD59FB600125A72 /* Build configuration list for PBXProject "tada" */ = {
			isa = XCConfigurationList;
			buildConfigurations = (
				994187F11FD59FB600125A72 /* Debug */,
				994187F21FD59FB600125A72 /* Release */,
			);
			defaultConfigurationIsVisible = 0;
			defaultConfigurationName = Release;
		};
		994187F31FD59FB600125A72 /* Build configuration list for PBXNativeTarget "tada" */ = {
			isa = XCConfigurationList;
			buildConfigurations = (
				994187F41FD59FB600125A72 /* Debug */,
				994187F51FD59FB600125A72 /* Release */,
			);
			defaultConfigurationIsVisible = 0;
			defaultConfigurationName = Release;
		};
		994187F61FD59FB600125A72 /* Build configuration list for PBXNativeTarget "tadaTests" */ = {
			isa = XCConfigurationList;
			buildConfigurations = (
				994187F71FD59FB600125A72 /* Debug */,
				994187F81FD59FB600125A72 /* Release */,
			);
			defaultConfigurationIsVisible = 0;
			defaultConfigurationName = Release;
		};
		994187F91FD59FB600125A72 /* Build configuration list for PBXNativeTarget "tadaUITests" */ = {
			isa = XCConfigurationList;
			buildConfigurations = (
				994187FA1FD59FB600125A72 /* Debug */,
				994187FB1FD59FB600125A72 /* Release */,
			);
			defaultConfigurationIsVisible = 0;
			defaultConfigurationName = Release;
		};
/* End XCConfigurationList section */
	};
	rootObject = 994187C31FD59FB600125A72 /* Project object */;
}
